
Microsoft Visual Studio Solution File, Format Version 12.00
# Visual Studio Version 17
VisualStudioVersion = 17.14.36414.22
MinimumVisualStudioVersion = 10.0.40219.1
Project("{2150E333-8FDC-42A3-9474-1A3956D46DE8}") = "Task1", "Task1", "{02EA681E-C7D8-13C7-8484-4AC65E1B71E8}"
EndProject
Project("{FAE04EC0-301F-11D3-BF4B-00C04F79EFBC}") = "Tyuiu.KomkovAA.Sprint5.Task1.V16", "Tyuiu.KomkovAA.Sprint5.Task1.V16\Tyuiu.KomkovAA.Sprint5.Task1.V16.csproj", "{F6B92028-839E-4FE6-8483-ECA8DAAA31E0}"
EndProject
Project("{FAE04EC0-301F-11D3-BF4B-00C04F79EFBC}") = "Tyuiu.KomkovAA.Sprint5.Task1.V16.Lib", "Tyuiu.KomkovAA.Sprint5.Task1.V16.Lib\Tyuiu.KomkovAA.Sprint5.Task1.V16.Lib.csproj", "{9AE27B41-B412-49AE-BB0F-14E85E76A9B1}"
EndProject
Project("{FAE04EC0-301F-11D3-BF4B-00C04F79EFBC}") = "Tyuiu.KomkovAA.Sprint5.Task1.V16.Test", "Tyuiu.KomkovAA.Sprint5.Task1.V16.Test\Tyuiu.KomkovAA.Sprint5.Task1.V16.Test.csproj", "{3FAA8E4A-23C1-49EC-AB4A-FA6D9DD64EC9}"
EndProject
Project("{2150E333-8FDC-42A3-9474-1A3956D46DE8}") = "Task2", "Task2", "{59661E44-6C8E-4524-9C43-F8C8A2A1D460}"
EndProject
Project("{FAE04EC0-301F-11D3-BF4B-00C04F79EFBC}") = "Tyuiu.KomkovAA.Sprint5.Task2.V5", "Tyuiu.KomkovAA.Sprint5.Task2.V5\Tyuiu.KomkovAA.Sprint5.Task2.V5.csproj", "{510E78C9-7F8A-4454-BE17-837F1B3D5CF7}"
EndProject
Project("{FAE04EC0-301F-11D3-BF4B-00C04F79EFBC}") = "Tyuiu.KomkovAA.Sprint5.Task2.V5.Lib", "Tyuiu.KomkovAA.Sprint5.Task2.V5.Lib\Tyuiu.KomkovAA.Sprint5.Task2.V5.Lib.csproj", "{5573770F-ADF4-4536-9E28-E1F25BDE247E}"
EndProject
Project("{FAE04EC0-301F-11D3-BF4B-00C04F79EFBC}") = "Tyuiu.KomkovAA.Sprint5.Task2.V5.Test", "Tyuiu.KomkovAA.Sprint5.Task2.V5.Test\Tyuiu.KomkovAA.Sprint5.Task2.V5.Test.csproj", "{F71842F1-9FC9-4972-A6F4-3876B145077B}"
EndProject
Project("{2150E333-8FDC-42A3-9474-1A3956D46DE8}") = "Task3", "Task3", "{908C5D23-2B4C-47BA-93B2-C389E7C8B599}"
EndProject
Project("{FAE04EC0-301F-11D3-BF4B-00C04F79EFBC}") = "Tyuiu.KomkovAA.Sprint5.Task3.V2", "Tyuiu.KomkovAA.Sprint5.Task3.V2\Tyuiu.KomkovAA.Sprint5.Task3.V2.csproj", "{E8C72AF9-C05B-419B-B438-0F4C6D885B29}"
EndProject
Project("{FAE04EC0-301F-11D3-BF4B-00C04F79EFBC}") = "Tyuiu.KomkovAA.Sprint5.Task3.V2.Lib", "Tyuiu.KomkovAA.Sprint5.Task3.V2.Lib\Tyuiu.KomkovAA.Sprint5.Task3.V2.Lib.csproj", "{0946D945-08CA-45D1-8B97-17E785514859}"
EndProject
Project("{FAE04EC0-301F-11D3-BF4B-00C04F79EFBC}") = "Tyuiu.KomkovAA.Sprint5.Task3.V2.Test", "Tyuiu.KomkovAA.Sprint5.Task3.V2.Test\Tyuiu.KomkovAA.Sprint5.Task3.V2.Test.csproj", "{8F1B5486-FEEA-4B73-B237-1BCFD057A6C0}"
EndProject
Project("{2150E333-8FDC-42A3-9474-1A3956D46DE8}") = "Task4", "Task4", "{E18A30B7-644B-417F-A1C3-AC4F4D652EB2}"
EndProject
Project("{2150E333-8FDC-42A3-9474-1A3956D46DE8}") = "Task5", "Task5", "{A2BA1F87-AFE4-4B53-A145-E0DDB09A011C}"
EndProject
Project("{FAE04EC0-301F-11D3-BF4B-00C04F79EFBC}") = "Tyuiu.KomkovAA.Sprint5.Task4.V26", "Tyuiu.KomkovAA.Sprint5.Task4.V26\Tyuiu.KomkovAA.Sprint5.Task4.V26.csproj", "{80B49472-FB5C-48C7-AD83-E7E8962D4419}"
EndProject
Project("{FAE04EC0-301F-11D3-BF4B-00C04F79EFBC}") = "Tyuiu.KomkovAA.Sprint5.Task4.V26.Lib", "Tyuiu.KomkovAA.Sprint5.Task4.V26.Lib\Tyuiu.KomkovAA.Sprint5.Task4.V26.Lib.csproj", "{9AFE6569-ED91-4AF5-9F8B-8A48D86D94D3}"
EndProject
Project("{FAE04EC0-301F-11D3-BF4B-00C04F79EFBC}") = "Tyuiu.KomkovAA.Sprint5.Task4.V26.Test", "Tyuiu.KomkovAA.Sprint5.Task4.V26.Test\Tyuiu.KomkovAA.Sprint5.Task4.V26.Test.csproj", "{D51CE5C3-80EB-4F6B-8F7A-612B72AF903E}"
EndProject
Project("{FAE04EC0-301F-11D3-BF4B-00C04F79EFBC}") = "Tyuiu.KomkovAA.Sprint5.Task5.V6", "Tyuiu.KomkovAA.Sprint5.Task5.V6\Tyuiu.KomkovAA.Sprint5.Task5.V6.csproj", "{14C09339-22E8-48CC-AEBC-3EE9E27986D8}"
EndProject
Project("{FAE04EC0-301F-11D3-BF4B-00C04F79EFBC}") = "Tyuiu.KomkovAA.Sprint5.Task5.V6.Lib", "Tyuiu.KomkovAA.Sprint5.Task5.V6.Lib\Tyuiu.KomkovAA.Sprint5.Task5.V6.Lib.csproj", "{E2E69C1E-4FD1-4657-B43B-9EAF94132C2A}"
EndProject
Project("{FAE04EC0-301F-11D3-BF4B-00C04F79EFBC}") = "Tyuiu.KomkovAA.Sprint5.Task5.V6.Test", "Tyuiu.KomkovAA.Sprint5.Task5.V6.Test\Tyuiu.KomkovAA.Sprint5.Task5.V6.Test.csproj", "{01B87540-A12F-4AF1-87EB-DC84D068203B}"
EndProject
Project("{2150E333-8FDC-42A3-9474-1A3956D46DE8}") = "Task6", "Task6", "{D64A1FBA-CE13-4671-B623-EF7767B953DD}"
EndProject
Project("{FAE04EC0-301F-11D3-BF4B-00C04F79EFBC}") = "Tyuiu.KomkovAA.Sprint5.Task6.V23", "Tyuiu.KomkovAA.Sprint5.Task6.V23\Tyuiu.KomkovAA.Sprint5.Task6.V23.csproj", "{03C20CE1-AADA-42A3-B7AF-3EFBF7D5F95C}"
EndProject
Project("{FAE04EC0-301F-11D3-BF4B-00C04F79EFBC}") = "Tyuiu.KomkovAA.Sprint5.Task6.V23.Lib", "Tyuiu.KomkovAA.Sprint5.Task6.V23.Lib\Tyuiu.KomkovAA.Sprint5.Task6.V23.Lib.csproj", "{4E3910F7-B72C-42AC-A23C-3E75AEE3C2A6}"
EndProject
Project("{FAE04EC0-301F-11D3-BF4B-00C04F79EFBC}") = "Tyuiu.KomkovAA.Sprint5.Task6.V23.Test", "Tyuiu.KomkovAA.Sprint5.Task6.V23.Test\Tyuiu.KomkovAA.Sprint5.Task6.V23.Test.csproj", "{E9EBFA58-D8ED-4E13-8311-7D37DD1EF554}"
EndProject
Project("{2150E333-8FDC-42A3-9474-1A3956D46DE8}") = "Task7", "Task7", "{38ED2E92-C406-47DF-A6DC-0367C6947DD7}"
EndProject
Project("{FAE04EC0-301F-11D3-BF4B-00C04F79EFBC}") = "Tyuiu.KomkovAA.Sprint5.Task7.V30", "Tyuiu.KomkovAA.Sprint5.Task7.V30\Tyuiu.KomkovAA.Sprint5.Task7.V30.csproj", "{470B1C01-ECA1-4F6B-B9A7-928437C36DD9}"
EndProject
Project("{FAE04EC0-301F-11D3-BF4B-00C04F79EFBC}") = "Tyuiu.KomkovAA.Sprint5.Task7.V30.Lib", "Tyuiu.KomkovAA.Sprint5.Task7.V30.Lib\Tyuiu.KomkovAA.Sprint5.Task7.V30.Lib.csproj", "{6336D706-5423-475A-8D5C-16D6B857B58B}"
EndProject
Project("{FAE04EC0-301F-11D3-BF4B-00C04F79EFBC}") = "Tyuiu.KomkovAA.Sprint5.Task7.V30.Test", "Tyuiu.KomkovAA.Sprint5.Task7.V30.Test\Tyuiu.KomkovAA.Sprint5.Task7.V30.Test.csproj", "{69D063A2-08EB-481B-B2B7-7446B4BA09C4}"
EndProject
Project("{FAE04EC0-301F-11D3-BF4B-00C04F79EFBC}") = "ConsoleApp1", "ConsoleApp1\ConsoleApp1.csproj", "{70FF5FEA-60EF-48E0-984A-E5461FE86C27}"
EndProject
Global
	GlobalSection(SolutionConfigurationPlatforms) = preSolution
		Debug|Any CPU = Debug|Any CPU
		Release|Any CPU = Release|Any CPU
	EndGlobalSection
	GlobalSection(ProjectConfigurationPlatforms) = postSolution
		{F6B92028-839E-4FE6-8483-ECA8DAAA31E0}.Debug|Any CPU.ActiveCfg = Debug|Any CPU
		{F6B92028-839E-4FE6-8483-ECA8DAAA31E0}.Debug|Any CPU.Build.0 = Debug|Any CPU
		{F6B92028-839E-4FE6-8483-ECA8DAAA31E0}.Release|Any CPU.ActiveCfg = Release|Any CPU
		{F6B92028-839E-4FE6-8483-ECA8DAAA31E0}.Release|Any CPU.Build.0 = Release|Any CPU
		{9AE27B41-B412-49AE-BB0F-14E85E76A9B1}.Debug|Any CPU.ActiveCfg = Debug|Any CPU
		{9AE27B41-B412-49AE-BB0F-14E85E76A9B1}.Debug|Any CPU.Build.0 = Debug|Any CPU
		{9AE27B41-B412-49AE-BB0F-14E85E76A9B1}.Release|Any CPU.ActiveCfg = Release|Any CPU
		{9AE27B41-B412-49AE-BB0F-14E85E76A9B1}.Release|Any CPU.Build.0 = Release|Any CPU
		{3FAA8E4A-23C1-49EC-AB4A-FA6D9DD64EC9}.Debug|Any CPU.ActiveCfg = Debug|Any CPU
		{3FAA8E4A-23C1-49EC-AB4A-FA6D9DD64EC9}.Debug|Any CPU.Build.0 = Debug|Any CPU
		{3FAA8E4A-23C1-49EC-AB4A-FA6D9DD64EC9}.Release|Any CPU.ActiveCfg = Release|Any CPU
		{3FAA8E4A-23C1-49EC-AB4A-FA6D9DD64EC9}.Release|Any CPU.Build.0 = Release|Any CPU
		{510E78C9-7F8A-4454-BE17-837F1B3D5CF7}.Debug|Any CPU.ActiveCfg = Debug|Any CPU
		{510E78C9-7F8A-4454-BE17-837F1B3D5CF7}.Debug|Any CPU.Build.0 = Debug|Any CPU
		{510E78C9-7F8A-4454-BE17-837F1B3D5CF7}.Release|Any CPU.ActiveCfg = Release|Any CPU
		{510E78C9-7F8A-4454-BE17-837F1B3D5CF7}.Release|Any CPU.Build.0 = Release|Any CPU
		{5573770F-ADF4-4536-9E28-E1F25BDE247E}.Debug|Any CPU.ActiveCfg = Debug|Any CPU
		{5573770F-ADF4-4536-9E28-E1F25BDE247E}.Debug|Any CPU.Build.0 = Debug|Any CPU
		{5573770F-ADF4-4536-9E28-E1F25BDE247E}.Release|Any CPU.ActiveCfg = Release|Any CPU
		{5573770F-ADF4-4536-9E28-E1F25BDE247E}.Release|Any CPU.Build.0 = Release|Any CPU
		{F71842F1-9FC9-4972-A6F4-3876B145077B}.Debug|Any CPU.ActiveCfg = Debug|Any CPU
		{F71842F1-9FC9-4972-A6F4-3876B145077B}.Debug|Any CPU.Build.0 = Debug|Any CPU
		{F71842F1-9FC9-4972-A6F4-3876B145077B}.Release|Any CPU.ActiveCfg = Release|Any CPU
		{F71842F1-9FC9-4972-A6F4-3876B145077B}.Release|Any CPU.Build.0 = Release|Any CPU
		{E8C72AF9-C05B-419B-B438-0F4C6D885B29}.Debug|Any CPU.ActiveCfg = Debug|Any CPU
		{E8C72AF9-C05B-419B-B438-0F4C6D885B29}.Debug|Any CPU.Build.0 = Debug|Any CPU
		{E8C72AF9-C05B-419B-B438-0F4C6D885B29}.Release|Any CPU.ActiveCfg = Release|Any CPU
		{E8C72AF9-C05B-419B-B438-0F4C6D885B29}.Release|Any CPU.Build.0 = Release|Any CPU
		{0946D945-08CA-45D1-8B97-17E785514859}.Debug|Any CPU.ActiveCfg = Debug|Any CPU
		{0946D945-08CA-45D1-8B97-17E785514859}.Debug|Any CPU.Build.0 = Debug|Any CPU
		{0946D945-08CA-45D1-8B97-17E785514859}.Release|Any CPU.ActiveCfg = Release|Any CPU
		{0946D945-08CA-45D1-8B97-17E785514859}.Release|Any CPU.Build.0 = Release|Any CPU
		{8F1B5486-FEEA-4B73-B237-1BCFD057A6C0}.Debug|Any CPU.ActiveCfg = Debug|Any CPU
		{8F1B5486-FEEA-4B73-B237-1BCFD057A6C0}.Debug|Any CPU.Build.0 = Debug|Any CPU
		{8F1B5486-FEEA-4B73-B237-1BCFD057A6C0}.Release|Any CPU.ActiveCfg = Release|Any CPU
		{8F1B5486-FEEA-4B73-B237-1BCFD057A6C0}.Release|Any CPU.Build.0 = Release|Any CPU
		{80B49472-FB5C-48C7-AD83-E7E8962D4419}.Debug|Any CPU.ActiveCfg = Debug|Any CPU
		{80B49472-FB5C-48C7-AD83-E7E8962D4419}.Debug|Any CPU.Build.0 = Debug|Any CPU
		{80B49472-FB5C-48C7-AD83-E7E8962D4419}.Release|Any CPU.ActiveCfg = Release|Any CPU
		{80B49472-FB5C-48C7-AD83-E7E8962D4419}.Release|Any CPU.Build.0 = Release|Any CPU
		{9AFE6569-ED91-4AF5-9F8B-8A48D86D94D3}.Debug|Any CPU.ActiveCfg = Debug|Any CPU
		{9AFE6569-ED91-4AF5-9F8B-8A48D86D94D3}.Debug|Any CPU.Build.0 = Debug|Any CPU
		{9AFE6569-ED91-4AF5-9F8B-8A48D86D94D3}.Release|Any CPU.ActiveCfg = Release|Any CPU
		{9AFE6569-ED91-4AF5-9F8B-8A48D86D94D3}.Release|Any CPU.Build.0 = Release|Any CPU
		{D51CE5C3-80EB-4F6B-8F7A-612B72AF903E}.Debug|Any CPU.ActiveCfg = Debug|Any CPU
		{D51CE5C3-80EB-4F6B-8F7A-612B72AF903E}.Debug|Any CPU.Build.0 = Debug|Any CPU
		{D51CE5C3-80EB-4F6B-8F7A-612B72AF903E}.Release|Any CPU.ActiveCfg = Release|Any CPU
		{D51CE5C3-80EB-4F6B-8F7A-612B72AF903E}.Release|Any CPU.Build.0 = Release|Any CPU
		{14C09339-22E8-48CC-AEBC-3EE9E27986D8}.Debug|Any CPU.ActiveCfg = Debug|Any CPU
		{14C09339-22E8-48CC-AEBC-3EE9E27986D8}.Debug|Any CPU.Build.0 = Debug|Any CPU
		{14C09339-22E8-48CC-AEBC-3EE9E27986D8}.Release|Any CPU.ActiveCfg = Release|Any CPU
		{14C09339-22E8-48CC-AEBC-3EE9E27986D8}.Release|Any CPU.Build.0 = Release|Any CPU
		{E2E69C1E-4FD1-4657-B43B-9EAF94132C2A}.Debug|Any CPU.ActiveCfg = Debug|Any CPU
		{E2E69C1E-4FD1-4657-B43B-9EAF94132C2A}.Debug|Any CPU.Build.0 = Debug|Any CPU
		{E2E69C1E-4FD1-4657-B43B-9EAF94132C2A}.Release|Any CPU.ActiveCfg = Release|Any CPU
		{E2E69C1E-4FD1-4657-B43B-9EAF94132C2A}.Release|Any CPU.Build.0 = Release|Any CPU
		{01B87540-A12F-4AF1-87EB-DC84D068203B}.Debug|Any CPU.ActiveCfg = Debug|Any CPU
		{01B87540-A12F-4AF1-87EB-DC84D068203B}.Debug|Any CPU.Build.0 = Debug|Any CPU
		{01B87540-A12F-4AF1-87EB-DC84D068203B}.Release|Any CPU.ActiveCfg = Release|Any CPU
		{01B87540-A12F-4AF1-87EB-DC84D068203B}.Release|Any CPU.Build.0 = Release|Any CPU
		{03C20CE1-AADA-42A3-B7AF-3EFBF7D5F95C}.Debug|Any CPU.ActiveCfg = Debug|Any CPU
		{03C20CE1-AADA-42A3-B7AF-3EFBF7D5F95C}.Debug|Any CPU.Build.0 = Debug|Any CPU
		{03C20CE1-AADA-42A3-B7AF-3EFBF7D5F95C}.Release|Any CPU.ActiveCfg = Release|Any CPU
		{03C20CE1-AADA-42A3-B7AF-3EFBF7D5F95C}.Release|Any CPU.Build.0 = Release|Any CPU
		{4E3910F7-B72C-42AC-A23C-3E75AEE3C2A6}.Debug|Any CPU.ActiveCfg = Debug|Any CPU
		{4E3910F7-B72C-42AC-A23C-3E75AEE3C2A6}.Debug|Any CPU.Build.0 = Debug|Any CPU
		{4E3910F7-B72C-42AC-A23C-3E75AEE3C2A6}.Release|Any CPU.ActiveCfg = Release|Any CPU
		{4E3910F7-B72C-42AC-A23C-3E75AEE3C2A6}.Release|Any CPU.Build.0 = Release|Any CPU
		{E9EBFA58-D8ED-4E13-8311-7D37DD1EF554}.Debug|Any CPU.ActiveCfg = Debug|Any CPU
		{E9EBFA58-D8ED-4E13-8311-7D37DD1EF554}.Debug|Any CPU.Build.0 = Debug|Any CPU
		{E9EBFA58-D8ED-4E13-8311-7D37DD1EF554}.Release|Any CPU.ActiveCfg = Release|Any CPU
		{E9EBFA58-D8ED-4E13-8311-7D37DD1EF554}.Release|Any CPU.Build.0 = Release|Any CPU
		{470B1C01-ECA1-4F6B-B9A7-928437C36DD9}.Debug|Any CPU.ActiveCfg = Debug|Any CPU
		{470B1C01-ECA1-4F6B-B9A7-928437C36DD9}.Debug|Any CPU.Build.0 = Debug|Any CPU
		{470B1C01-ECA1-4F6B-B9A7-928437C36DD9}.Release|Any CPU.ActiveCfg = Release|Any CPU
		{470B1C01-ECA1-4F6B-B9A7-928437C36DD9}.Release|Any CPU.Build.0 = Release|Any CPU
		{6336D706-5423-475A-8D5C-16D6B857B58B}.Debug|Any CPU.ActiveCfg = Debug|Any CPU
		{6336D706-5423-475A-8D5C-16D6B857B58B}.Debug|Any CPU.Build.0 = Debug|Any CPU
		{6336D706-5423-475A-8D5C-16D6B857B58B}.Release|Any CPU.ActiveCfg = Release|Any CPU
		{6336D706-5423-475A-8D5C-16D6B857B58B}.Release|Any CPU.Build.0 = Release|Any CPU
		{69D063A2-08EB-481B-B2B7-7446B4BA09C4}.Debug|Any CPU.ActiveCfg = Debug|Any CPU
		{69D063A2-08EB-481B-B2B7-7446B4BA09C4}.Debug|Any CPU.Build.0 = Debug|Any CPU
		{69D063A2-08EB-481B-B2B7-7446B4BA09C4}.Release|Any CPU.ActiveCfg = Release|Any CPU
		{69D063A2-08EB-481B-B2B7-7446B4BA09C4}.Release|Any CPU.Build.0 = Release|Any CPU
		{70FF5FEA-60EF-48E0-984A-E5461FE86C27}.Debug|Any CPU.ActiveCfg = Debug|Any CPU
		{70FF5FEA-60EF-48E0-984A-E5461FE86C27}.Debug|Any CPU.Build.0 = Debug|Any CPU
		{70FF5FEA-60EF-48E0-984A-E5461FE86C27}.Release|Any CPU.ActiveCfg = Release|Any CPU
		{70FF5FEA-60EF-48E0-984A-E5461FE86C27}.Release|Any CPU.Build.0 = Release|Any CPU
	EndGlobalSection
	GlobalSection(SolutionProperties) = preSolution
		HideSolutionNode = FALSE
	EndGlobalSection
	GlobalSection(NestedProjects) = preSolution
		{F6B92028-839E-4FE6-8483-ECA8DAAA31E0} = {02EA681E-C7D8-13C7-8484-4AC65E1B71E8}
		{9AE27B41-B412-49AE-BB0F-14E85E76A9B1} = {02EA681E-C7D8-13C7-8484-4AC65E1B71E8}
		{3FAA8E4A-23C1-49EC-AB4A-FA6D9DD64EC9} = {02EA681E-C7D8-13C7-8484-4AC65E1B71E8}
		{510E78C9-7F8A-4454-BE17-837F1B3D5CF7} = {59661E44-6C8E-4524-9C43-F8C8A2A1D460}
		{5573770F-ADF4-4536-9E28-E1F25BDE247E} = {59661E44-6C8E-4524-9C43-F8C8A2A1D460}
		{F71842F1-9FC9-4972-A6F4-3876B145077B} = {59661E44-6C8E-4524-9C43-F8C8A2A1D460}
		{E8C72AF9-C05B-419B-B438-0F4C6D885B29} = {908C5D23-2B4C-47BA-93B2-C389E7C8B599}
		{0946D945-08CA-45D1-8B97-17E785514859} = {908C5D23-2B4C-47BA-93B2-C389E7C8B599}
		{8F1B5486-FEEA-4B73-B237-1BCFD057A6C0} = {908C5D23-2B4C-47BA-93B2-C389E7C8B599}
		{80B49472-FB5C-48C7-AD83-E7E8962D4419} = {E18A30B7-644B-417F-A1C3-AC4F4D652EB2}
		{9AFE6569-ED91-4AF5-9F8B-8A48D86D94D3} = {E18A30B7-644B-417F-A1C3-AC4F4D652EB2}
		{D51CE5C3-80EB-4F6B-8F7A-612B72AF903E} = {E18A30B7-644B-417F-A1C3-AC4F4D652EB2}
		{14C09339-22E8-48CC-AEBC-3EE9E27986D8} = {A2BA1F87-AFE4-4B53-A145-E0DDB09A011C}
		{E2E69C1E-4FD1-4657-B43B-9EAF94132C2A} = {A2BA1F87-AFE4-4B53-A145-E0DDB09A011C}
		{01B87540-A12F-4AF1-87EB-DC84D068203B} = {A2BA1F87-AFE4-4B53-A145-E0DDB09A011C}
		{03C20CE1-AADA-42A3-B7AF-3EFBF7D5F95C} = {D64A1FBA-CE13-4671-B623-EF7767B953DD}
		{4E3910F7-B72C-42AC-A23C-3E75AEE3C2A6} = {D64A1FBA-CE13-4671-B623-EF7767B953DD}
		{E9EBFA58-D8ED-4E13-8311-7D37DD1EF554} = {D64A1FBA-CE13-4671-B623-EF7767B953DD}
		{470B1C01-ECA1-4F6B-B9A7-928437C36DD9} = {38ED2E92-C406-47DF-A6DC-0367C6947DD7}
		{6336D706-5423-475A-8D5C-16D6B857B58B} = {38ED2E92-C406-47DF-A6DC-0367C6947DD7}
		{69D063A2-08EB-481B-B2B7-7446B4BA09C4} = {38ED2E92-C406-47DF-A6DC-0367C6947DD7}
	EndGlobalSection
	GlobalSection(ExtensibilityGlobals) = postSolution
		SolutionGuid = {570DCBA3-2448-40DC-ACB2-A4D9FC6FF089}
	EndGlobalSection
EndGlobal
